
Microsoft Visual Studio Solution File, Format Version 12.00
# Visual Studio 15
VisualStudioVersion = 15.0.28307.168
MinimumVisualStudioVersion = 10.0.40219.1
Project("{8BC9CEB8-8B4A-11D0-8D11-00A0C91BC942}") = "Quantum", "Quantum\Quantum.vcxproj", "{7E1F5763-C4D8-4279-AF6C-E0232FF9F444}"
EndProject
Project("{8BC9CEB8-8B4A-11D0-8D11-00A0C91BC942}") = "Application", "Application\Application.vcxproj", "{54DB8A57-5A9F-4322-9289-F6E64D6B6E13}"
EndProject
Global
	GlobalSection(SolutionConfigurationPlatforms) = preSolution
		Debug|x86 = Debug|x86
		Release|x86 = Release|x86
	EndGlobalSection
	GlobalSection(ProjectConfigurationPlatforms) = postSolution
		{7E1F5763-C4D8-4279-AF6C-E0232FF9F444}.Debug|x86.ActiveCfg = Debug|Win32
		{7E1F5763-C4D8-4279-AF6C-E0232FF9F444}.Debug|x86.Build.0 = Debug|Win32
		{7E1F5763-C4D8-4279-AF6C-E0232FF9F444}.Release|x86.ActiveCfg = Release|Win32
		{7E1F5763-C4D8-4279-AF6C-E0232FF9F444}.Release|x86.Build.0 = Release|Win32
		{54DB8A57-5A9F-4322-9289-F6E64D6B6E13}.Debug|x86.ActiveCfg = Debug|Win32
		{54DB8A57-5A9F-4322-9289-F6E64D6B6E13}.Debug|x86.Build.0 = Debug|Win32
		{54DB8A57-5A9F-4322-9289-F6E64D6B6E13}.Release|x86.ActiveCfg = Release|Win32
		{54DB8A57-5A9F-4322-9289-F6E64D6B6E13}.Release|x86.Build.0 = Release|Win32
	EndGlobalSection
	GlobalSection(SolutionProperties) = preSolution
		HideSolutionNode = FALSE
	EndGlobalSection
	GlobalSection(ExtensibilityGlobals) = postSolution
		SolutionGuid = {5B0A9F4B-4550-4A9C-8A9F-2714B697BF34}
	EndGlobalSection
EndGlobal
